
Microsoft Visual Studio Solution File, Format Version 12.00
# Visual Studio 15
VisualStudioVersion = 15.0.26730.8
MinimumVisualStudioVersion = 10.0.40219.1
Project("{FAE04EC0-301F-11D3-BF4B-00C04F79EFBC}") = "DeftLib", "DeftLib.csproj", "{6123205D-40DA-44D9-A67B-AC44F2ACE3C6}"
EndProject
Global
	GlobalSection(SolutionConfigurationPlatforms) = preSolution
		Debug|x86 = Debug|x86
		Release|x86 = Release|x86
	EndGlobalSection
	GlobalSection(ProjectConfigurationPlatforms) = postSolution
		{6123205D-40DA-44D9-A67B-AC44F2ACE3C6}.Debug|x86.ActiveCfg = Debug|x86
		{6123205D-40DA-44D9-A67B-AC44F2ACE3C6}.Debug|x86.Build.0 = Debug|x86
		{6123205D-40DA-44D9-A67B-AC44F2ACE3C6}.Release|x86.ActiveCfg = Release|x86
		{6123205D-40DA-44D9-A67B-AC44F2ACE3C6}.Release|x86.Build.0 = Release|x86
	EndGlobalSection
	GlobalSection(SolutionProperties) = preSolution
		HideSolutionNode = FALSE
	EndGlobalSection
	GlobalSection(ExtensibilityGlobals) = postSolution
		SolutionGuid = {DA9E789E-DF49-40D8-B579-864EE5DB6525}
	EndGlobalSection
EndGlobal
